
Microsoft Visual Studio Solution File, Format Version 12.00
# Visual Studio Version 17
VisualStudioVersion = 17.8.34316.72
MinimumVisualStudioVersion = 10.0.40219.1
Project("{FAE04EC0-301F-11D3-BF4B-00C04F79EFBC}") = "kendoGridRev", "kendoGridRev\kendoGridRev.csproj", "{1FA5AA7C-A1D6-4F4F-B8D2-52F2EE135CE5}"
EndProject
Global
	GlobalSection(SolutionConfigurationPlatforms) = preSolution
		Debug|Any CPU = Debug|Any CPU
		Release|Any CPU = Release|Any CPU
	EndGlobalSection
	GlobalSection(ProjectConfigurationPlatforms) = postSolution
		{1FA5AA7C-A1D6-4F4F-B8D2-52F2EE135CE5}.Debug|Any CPU.ActiveCfg = Debug|Any CPU
		{1FA5AA7C-A1D6-4F4F-B8D2-52F2EE135CE5}.Debug|Any CPU.Build.0 = Debug|Any CPU
		{1FA5AA7C-A1D6-4F4F-B8D2-52F2EE135CE5}.Release|Any CPU.ActiveCfg = Release|Any CPU
		{1FA5AA7C-A1D6-4F4F-B8D2-52F2EE135CE5}.Release|Any CPU.Build.0 = Release|Any CPU
	EndGlobalSection
	GlobalSection(SolutionProperties) = preSolution
		HideSolutionNode = FALSE
	EndGlobalSection
	GlobalSection(ExtensibilityGlobals) = postSolution
		SolutionGuid = {E1F645C4-1B80-4735-9B9B-A3A43F26638C}
	EndGlobalSection
EndGlobal
